
Microsoft Visual Studio Solution File, Format Version 12.00
# Visual Studio 15
VisualStudioVersion = 15.0.26228.9
MinimumVisualStudioVersion = 10.0.40219.1
Project("{9A19103F-16F7-4668-BE54-9A1E7A4F7556}") = "DataStructures", "src\DataStructures\DataStructures.csproj", "{B9222F9A-31AE-474E-8403-820AFAA09A6E}"
EndProject
Project("{9A19103F-16F7-4668-BE54-9A1E7A4F7556}") = "DataStructurs.Tests", "test\DataStructures.Tests\DataStructurs.Tests.csproj", "{63D53861-322E-4E2D-98F7-DB01F6B7DBF0}"
EndProject
Global
	GlobalSection(SolutionConfigurationPlatforms) = preSolution
		Debug|Any CPU = Debug|Any CPU
		Release|Any CPU = Release|Any CPU
	EndGlobalSection
	GlobalSection(ProjectConfigurationPlatforms) = postSolution
		{B9222F9A-31AE-474E-8403-820AFAA09A6E}.Debug|Any CPU.ActiveCfg = Debug|Any CPU
		{B9222F9A-31AE-474E-8403-820AFAA09A6E}.Debug|Any CPU.Build.0 = Debug|Any CPU
		{B9222F9A-31AE-474E-8403-820AFAA09A6E}.Release|Any CPU.ActiveCfg = Release|Any CPU
		{B9222F9A-31AE-474E-8403-820AFAA09A6E}.Release|Any CPU.Build.0 = Release|Any CPU
		{63D53861-322E-4E2D-98F7-DB01F6B7DBF0}.Debug|Any CPU.ActiveCfg = Debug|Any CPU
		{63D53861-322E-4E2D-98F7-DB01F6B7DBF0}.Debug|Any CPU.Build.0 = Debug|Any CPU
		{63D53861-322E-4E2D-98F7-DB01F6B7DBF0}.Release|Any CPU.ActiveCfg = Release|Any CPU
		{63D53861-322E-4E2D-98F7-DB01F6B7DBF0}.Release|Any CPU.Build.0 = Release|Any CPU
	EndGlobalSection
	GlobalSection(SolutionProperties) = preSolution
		HideSolutionNode = FALSE
	EndGlobalSection
EndGlobal
